
Microsoft Visual Studio Solution File, Format Version 12.00
# Visual Studio Version 17
VisualStudioVersion = 17.11.35208.52
MinimumVisualStudioVersion = 10.0.40219.1
Project("{FAE04EC0-301F-11D3-BF4B-00C04F79EFBC}") = "Scrapping-TACO", "Scrapping-TACO\Scrapping-TACO.csproj", "{A47BFDEB-7879-4493-9A48-DFD1CA19233C}"
EndProject
Global
	GlobalSection(SolutionConfigurationPlatforms) = preSolution
		Debug|Any CPU = Debug|Any CPU
		Release|Any CPU = Release|Any CPU
	EndGlobalSection
	GlobalSection(ProjectConfigurationPlatforms) = postSolution
		{A47BFDEB-7879-4493-9A48-DFD1CA19233C}.Debug|Any CPU.ActiveCfg = Debug|Any CPU
		{A47BFDEB-7879-4493-9A48-DFD1CA19233C}.Debug|Any CPU.Build.0 = Debug|Any CPU
		{A47BFDEB-7879-4493-9A48-DFD1CA19233C}.Release|Any CPU.ActiveCfg = Release|Any CPU
		{A47BFDEB-7879-4493-9A48-DFD1CA19233C}.Release|Any CPU.Build.0 = Release|Any CPU
	EndGlobalSection
	GlobalSection(SolutionProperties) = preSolution
		HideSolutionNode = FALSE
	EndGlobalSection
	GlobalSection(ExtensibilityGlobals) = postSolution
		SolutionGuid = {5285F855-6A9B-4354-AE13-3B8AD23C7E80}
	EndGlobalSection
EndGlobal
